
Microsoft Visual Studio Solution File, Format Version 12.00
# Visual Studio Version 16
VisualStudioVersion = 25.0.1705.0
MinimumVisualStudioVersion = 10.0.40219.1
Project("{FAE04EC0-301F-11D3-BF4B-00C04F79EFBC}") = "ChallengeGYF.API", "Challenge-GYF\ChallengeGYF.API.csproj", "{4ED3D380-273A-414F-B698-4E083A01F2BA}"
EndProject
Project("{2150E333-8FDC-42A3-9474-1A3956D46DE8}") = "BLL", "BLL", "{86DC001F-5E01-4213-91EA-B838215E0FA8}"
EndProject
Project("{2150E333-8FDC-42A3-9474-1A3956D46DE8}") = "DAL", "DAL", "{8DB22C32-743E-43EC-AA18-7539575F6E27}"
EndProject
Project("{FAE04EC0-301F-11D3-BF4B-00C04F79EFBC}") = "ChallengeGYF.DAL.EF", "ChallengeGYF.DAL\ChallengeGYF.DAL.EF.csproj", "{19F5762B-7455-439C-8F86-569B14644113}"
EndProject
Project("{FAE04EC0-301F-11D3-BF4B-00C04F79EFBC}") = "ChallengeGYF.DAL.Interfaces", "ChallengeGYF.DAL.Interfaces\ChallengeGYF.DAL.Interfaces.csproj", "{25A9C893-5A12-45BA-B385-6A996564BC39}"
EndProject
Project("{FAE04EC0-301F-11D3-BF4B-00C04F79EFBC}") = "ChallengeGYF.BLL", "ChallengeGYF.BLL\ChallengeGYF.BLL.csproj", "{BA6479C0-5230-4FEF-BB74-7E1328563069}"
EndProject
Project("{2150E333-8FDC-42A3-9474-1A3956D46DE8}") = "Shared", "Shared", "{84C56646-C6BC-413A-9C0A-66FEE6A74814}"
EndProject
Project("{FAE04EC0-301F-11D3-BF4B-00C04F79EFBC}") = "ChallengeGYF.DTO", "ChallengeGYF.DTO\ChallengeGYF.DTO.csproj", "{AF96A8F9-FCA9-4036-B2D5-76E40E0D11ED}"
EndProject
Project("{FAE04EC0-301F-11D3-BF4B-00C04F79EFBC}") = "ChallengeGYF.Shared.IOC", "ChallengeGYF.DTO\ChallengeGYF.Shared.IOC\ChallengeGYF.Shared.IOC.csproj", "{B8B49536-C038-4993-925C-695D5E706D21}"
EndProject
Project("{FAE04EC0-301F-11D3-BF4B-00C04F79EFBC}") = "ChallengeGYF.BLL.Interfaces", "ChallengeGYF.BLL\ChallengeGYF.BLL.Interfaces\ChallengeGYF.BLL.Interfaces.csproj", "{1A054FFA-F606-432F-A95A-497951979BA0}"
EndProject
Project("{FAE04EC0-301F-11D3-BF4B-00C04F79EFBC}") = "ChallengeGYF.Test", "ChallengeGYF.Test\ChallengeGYF.Test.csproj", "{D1C4A589-581C-45F5-8E86-5434F075B7C0}"
EndProject
Project("{FAE04EC0-301F-11D3-BF4B-00C04F79EFBC}") = "Constants", "ChallengeGYF.DTO\Constants\Constants.csproj", "{4AD09DAB-820D-4638-BD6A-38E935F45A9D}"
EndProject
Global
	GlobalSection(SolutionConfigurationPlatforms) = preSolution
		Debug|Any CPU = Debug|Any CPU
		Release|Any CPU = Release|Any CPU
	EndGlobalSection
	GlobalSection(ProjectConfigurationPlatforms) = postSolution
		{4ED3D380-273A-414F-B698-4E083A01F2BA}.Debug|Any CPU.ActiveCfg = Debug|Any CPU
		{4ED3D380-273A-414F-B698-4E083A01F2BA}.Debug|Any CPU.Build.0 = Debug|Any CPU
		{4ED3D380-273A-414F-B698-4E083A01F2BA}.Release|Any CPU.ActiveCfg = Release|Any CPU
		{4ED3D380-273A-414F-B698-4E083A01F2BA}.Release|Any CPU.Build.0 = Release|Any CPU
		{00B48717-FB3A-4759-891E-8D72ADE72768}.Debug|Any CPU.ActiveCfg = Debug|Any CPU
		{00B48717-FB3A-4759-891E-8D72ADE72768}.Debug|Any CPU.Build.0 = Debug|Any CPU
		{00B48717-FB3A-4759-891E-8D72ADE72768}.Release|Any CPU.ActiveCfg = Release|Any CPU
		{00B48717-FB3A-4759-891E-8D72ADE72768}.Release|Any CPU.Build.0 = Release|Any CPU
		{19F5762B-7455-439C-8F86-569B14644113}.Debug|Any CPU.ActiveCfg = Debug|Any CPU
		{19F5762B-7455-439C-8F86-569B14644113}.Debug|Any CPU.Build.0 = Debug|Any CPU
		{19F5762B-7455-439C-8F86-569B14644113}.Release|Any CPU.ActiveCfg = Release|Any CPU
		{19F5762B-7455-439C-8F86-569B14644113}.Release|Any CPU.Build.0 = Release|Any CPU
		{25A9C893-5A12-45BA-B385-6A996564BC39}.Debug|Any CPU.ActiveCfg = Debug|Any CPU
		{25A9C893-5A12-45BA-B385-6A996564BC39}.Debug|Any CPU.Build.0 = Debug|Any CPU
		{25A9C893-5A12-45BA-B385-6A996564BC39}.Release|Any CPU.ActiveCfg = Release|Any CPU
		{25A9C893-5A12-45BA-B385-6A996564BC39}.Release|Any CPU.Build.0 = Release|Any CPU
		{AA3964A6-1E03-4205-8BF3-926E826BC1FC}.Debug|Any CPU.ActiveCfg = Debug|Any CPU
		{AA3964A6-1E03-4205-8BF3-926E826BC1FC}.Debug|Any CPU.Build.0 = Debug|Any CPU
		{AA3964A6-1E03-4205-8BF3-926E826BC1FC}.Release|Any CPU.ActiveCfg = Release|Any CPU
		{AA3964A6-1E03-4205-8BF3-926E826BC1FC}.Release|Any CPU.Build.0 = Release|Any CPU
		{BA6479C0-5230-4FEF-BB74-7E1328563069}.Debug|Any CPU.ActiveCfg = Debug|Any CPU
		{BA6479C0-5230-4FEF-BB74-7E1328563069}.Debug|Any CPU.Build.0 = Debug|Any CPU
		{BA6479C0-5230-4FEF-BB74-7E1328563069}.Release|Any CPU.ActiveCfg = Release|Any CPU
		{BA6479C0-5230-4FEF-BB74-7E1328563069}.Release|Any CPU.Build.0 = Release|Any CPU
		{AF96A8F9-FCA9-4036-B2D5-76E40E0D11ED}.Debug|Any CPU.ActiveCfg = Debug|Any CPU
		{AF96A8F9-FCA9-4036-B2D5-76E40E0D11ED}.Debug|Any CPU.Build.0 = Debug|Any CPU
		{AF96A8F9-FCA9-4036-B2D5-76E40E0D11ED}.Release|Any CPU.ActiveCfg = Release|Any CPU
		{AF96A8F9-FCA9-4036-B2D5-76E40E0D11ED}.Release|Any CPU.Build.0 = Release|Any CPU
		{B8B49536-C038-4993-925C-695D5E706D21}.Debug|Any CPU.ActiveCfg = Debug|Any CPU
		{B8B49536-C038-4993-925C-695D5E706D21}.Debug|Any CPU.Build.0 = Debug|Any CPU
		{B8B49536-C038-4993-925C-695D5E706D21}.Release|Any CPU.ActiveCfg = Release|Any CPU
		{B8B49536-C038-4993-925C-695D5E706D21}.Release|Any CPU.Build.0 = Release|Any CPU
		{1A054FFA-F606-432F-A95A-497951979BA0}.Debug|Any CPU.ActiveCfg = Debug|Any CPU
		{1A054FFA-F606-432F-A95A-497951979BA0}.Debug|Any CPU.Build.0 = Debug|Any CPU
		{1A054FFA-F606-432F-A95A-497951979BA0}.Release|Any CPU.ActiveCfg = Release|Any CPU
		{1A054FFA-F606-432F-A95A-497951979BA0}.Release|Any CPU.Build.0 = Release|Any CPU
		{D1C4A589-581C-45F5-8E86-5434F075B7C0}.Debug|Any CPU.ActiveCfg = Debug|Any CPU
		{D1C4A589-581C-45F5-8E86-5434F075B7C0}.Debug|Any CPU.Build.0 = Debug|Any CPU
		{D1C4A589-581C-45F5-8E86-5434F075B7C0}.Release|Any CPU.ActiveCfg = Release|Any CPU
		{D1C4A589-581C-45F5-8E86-5434F075B7C0}.Release|Any CPU.Build.0 = Release|Any CPU
		{4AD09DAB-820D-4638-BD6A-38E935F45A9D}.Debug|Any CPU.ActiveCfg = Debug|Any CPU
		{4AD09DAB-820D-4638-BD6A-38E935F45A9D}.Debug|Any CPU.Build.0 = Debug|Any CPU
		{4AD09DAB-820D-4638-BD6A-38E935F45A9D}.Release|Any CPU.ActiveCfg = Release|Any CPU
		{4AD09DAB-820D-4638-BD6A-38E935F45A9D}.Release|Any CPU.Build.0 = Release|Any CPU
	EndGlobalSection
	GlobalSection(SolutionProperties) = preSolution
		HideSolutionNode = FALSE
	EndGlobalSection
	GlobalSection(ExtensibilityGlobals) = postSolution
		SolutionGuid = {B7BFD130-9058-4782-8C6D-0FB8A7168BE9}
	EndGlobalSection
	GlobalSection(NestedProjects) = preSolution
		{00B48717-FB3A-4759-891E-8D72ADE72768} = {86DC001F-5E01-4213-91EA-B838215E0FA8}
		{19F5762B-7455-439C-8F86-569B14644113} = {8DB22C32-743E-43EC-AA18-7539575F6E27}
		{25A9C893-5A12-45BA-B385-6A996564BC39} = {8DB22C32-743E-43EC-AA18-7539575F6E27}
		{AA3964A6-1E03-4205-8BF3-926E826BC1FC} = {86DC001F-5E01-4213-91EA-B838215E0FA8}
		{BA6479C0-5230-4FEF-BB74-7E1328563069} = {86DC001F-5E01-4213-91EA-B838215E0FA8}
		{AF96A8F9-FCA9-4036-B2D5-76E40E0D11ED} = {84C56646-C6BC-413A-9C0A-66FEE6A74814}
		{B8B49536-C038-4993-925C-695D5E706D21} = {84C56646-C6BC-413A-9C0A-66FEE6A74814}
		{1A054FFA-F606-432F-A95A-497951979BA0} = {86DC001F-5E01-4213-91EA-B838215E0FA8}
		{4AD09DAB-820D-4638-BD6A-38E935F45A9D} = {84C56646-C6BC-413A-9C0A-66FEE6A74814}
	EndGlobalSection
EndGlobal
