
Microsoft Visual Studio Solution File, Format Version 12.00
# Visual Studio Version 16
VisualStudioVersion = 25.0.1705.0
MinimumVisualStudioVersion = 10.0.40219.1
Project("{FAE04EC0-301F-11D3-BF4B-00C04F79EFBC}") = "Challenge-GYF", "Challenge-GYF\Challenge-GYF.csproj", "{4ED3D380-273A-414F-B698-4E083A01F2BA}"
EndProject
Project("{2150E333-8FDC-42A3-9474-1A3956D46DE8}") = "BLL", "BLL", "{86DC001F-5E01-4213-91EA-B838215E0FA8}"
EndProject
Project("{2150E333-8FDC-42A3-9474-1A3956D46DE8}") = "DAL", "DAL", "{8DB22C32-743E-43EC-AA18-7539575F6E27}"
EndProject
Project("{FAE04EC0-301F-11D3-BF4B-00C04F79EFBC}") = "Challenge-GYF.BLL", "Challenge-GYF.BLL\Challenge-GYF.BLL.csproj", "{9A9A01D6-FC87-4691-B440-06BA99972B36}"
EndProject
Project("{FAE04EC0-301F-11D3-BF4B-00C04F79EFBC}") = "ChallengeGYF.BLL.Interfaces", "Challenge-GYF.BLL\ChallengeGYF.BLL.Interfaces\ChallengeGYF.BLL.Interfaces.csproj", "{00B48717-FB3A-4759-891E-8D72ADE72768}"
EndProject
Project("{FAE04EC0-301F-11D3-BF4B-00C04F79EFBC}") = "ChallengeGYF.DAL", "ChallengeGYF.DAL\ChallengeGYF.DAL.csproj", "{19F5762B-7455-439C-8F86-569B14644113}"
EndProject
Project("{FAE04EC0-301F-11D3-BF4B-00C04F79EFBC}") = "ChallengeGYF.DAL.Interfaces", "ChallengeGYF.DAL.Interfaces\ChallengeGYF.DAL.Interfaces.csproj", "{25A9C893-5A12-45BA-B385-6A996564BC39}"
EndProject
Global
	GlobalSection(SolutionConfigurationPlatforms) = preSolution
		Debug|Any CPU = Debug|Any CPU
		Release|Any CPU = Release|Any CPU
	EndGlobalSection
	GlobalSection(ProjectConfigurationPlatforms) = postSolution
		{4ED3D380-273A-414F-B698-4E083A01F2BA}.Debug|Any CPU.ActiveCfg = Debug|Any CPU
		{4ED3D380-273A-414F-B698-4E083A01F2BA}.Debug|Any CPU.Build.0 = Debug|Any CPU
		{4ED3D380-273A-414F-B698-4E083A01F2BA}.Release|Any CPU.ActiveCfg = Release|Any CPU
		{4ED3D380-273A-414F-B698-4E083A01F2BA}.Release|Any CPU.Build.0 = Release|Any CPU
		{9A9A01D6-FC87-4691-B440-06BA99972B36}.Debug|Any CPU.ActiveCfg = Debug|Any CPU
		{9A9A01D6-FC87-4691-B440-06BA99972B36}.Debug|Any CPU.Build.0 = Debug|Any CPU
		{9A9A01D6-FC87-4691-B440-06BA99972B36}.Release|Any CPU.ActiveCfg = Release|Any CPU
		{9A9A01D6-FC87-4691-B440-06BA99972B36}.Release|Any CPU.Build.0 = Release|Any CPU
		{00B48717-FB3A-4759-891E-8D72ADE72768}.Debug|Any CPU.ActiveCfg = Debug|Any CPU
		{00B48717-FB3A-4759-891E-8D72ADE72768}.Debug|Any CPU.Build.0 = Debug|Any CPU
		{00B48717-FB3A-4759-891E-8D72ADE72768}.Release|Any CPU.ActiveCfg = Release|Any CPU
		{00B48717-FB3A-4759-891E-8D72ADE72768}.Release|Any CPU.Build.0 = Release|Any CPU
		{19F5762B-7455-439C-8F86-569B14644113}.Debug|Any CPU.ActiveCfg = Debug|Any CPU
		{19F5762B-7455-439C-8F86-569B14644113}.Debug|Any CPU.Build.0 = Debug|Any CPU
		{19F5762B-7455-439C-8F86-569B14644113}.Release|Any CPU.ActiveCfg = Release|Any CPU
		{19F5762B-7455-439C-8F86-569B14644113}.Release|Any CPU.Build.0 = Release|Any CPU
		{25A9C893-5A12-45BA-B385-6A996564BC39}.Debug|Any CPU.ActiveCfg = Debug|Any CPU
		{25A9C893-5A12-45BA-B385-6A996564BC39}.Debug|Any CPU.Build.0 = Debug|Any CPU
		{25A9C893-5A12-45BA-B385-6A996564BC39}.Release|Any CPU.ActiveCfg = Release|Any CPU
		{25A9C893-5A12-45BA-B385-6A996564BC39}.Release|Any CPU.Build.0 = Release|Any CPU
	EndGlobalSection
	GlobalSection(SolutionProperties) = preSolution
		HideSolutionNode = FALSE
	EndGlobalSection
	GlobalSection(ExtensibilityGlobals) = postSolution
		SolutionGuid = {B7BFD130-9058-4782-8C6D-0FB8A7168BE9}
	EndGlobalSection
	GlobalSection(NestedProjects) = preSolution
		{9A9A01D6-FC87-4691-B440-06BA99972B36} = {86DC001F-5E01-4213-91EA-B838215E0FA8}
		{00B48717-FB3A-4759-891E-8D72ADE72768} = {86DC001F-5E01-4213-91EA-B838215E0FA8}
		{19F5762B-7455-439C-8F86-569B14644113} = {8DB22C32-743E-43EC-AA18-7539575F6E27}
		{25A9C893-5A12-45BA-B385-6A996564BC39} = {8DB22C32-743E-43EC-AA18-7539575F6E27}
	EndGlobalSection
EndGlobal
